
Microsoft Visual Studio Solution File, Format Version 12.00
# Visual Studio Version 17
VisualStudioVersion = 17.11.35017.193
MinimumVisualStudioVersion = 10.0.40219.1
Project("{FAE04EC0-301F-11D3-BF4B-00C04F79EFBC}") = "InfoCollector", "InfoCollector\InfoCollector.csproj", "{FCDA57F5-449B-4157-99D6-A5EF30B93A37}"
EndProject
Global
	GlobalSection(SolutionConfigurationPlatforms) = preSolution
		Debug|Any CPU = Debug|Any CPU
		Release|Any CPU = Release|Any CPU
	EndGlobalSection
	GlobalSection(ProjectConfigurationPlatforms) = postSolution
		{FCDA57F5-449B-4157-99D6-A5EF30B93A37}.Debug|Any CPU.ActiveCfg = Debug|Any CPU
		{FCDA57F5-449B-4157-99D6-A5EF30B93A37}.Debug|Any CPU.Build.0 = Debug|Any CPU
		{FCDA57F5-449B-4157-99D6-A5EF30B93A37}.Release|Any CPU.ActiveCfg = Release|Any CPU
		{FCDA57F5-449B-4157-99D6-A5EF30B93A37}.Release|Any CPU.Build.0 = Release|Any CPU
	EndGlobalSection
	GlobalSection(SolutionProperties) = preSolution
		HideSolutionNode = FALSE
	EndGlobalSection
	GlobalSection(ExtensibilityGlobals) = postSolution
		SolutionGuid = {FC38F79B-D210-45A3-8884-8BEBFBF56D46}
	EndGlobalSection
EndGlobal
